{
  "name": "miniprogram",
  "version": "1.0.0",
  "lockfileVersion": 1,
  "requires": true,
  "dependencies": {
    "weui-wxss": {
      "version": "2.3.0",
      "resolved": "https://registry.npmjs.org/weui-wxss/-/weui-wxss-2.3.0.tgz",
      "integrity": "sha512-nvhFst4SXG3u5xBobcBnqtXWsSDRFJpGdE3OCHOdhaHMVIMUktRjs4YC7YV/I59oZNR4vLDvQtx6vBJ3EMBbhQ=="
    }
  }
}
