# THIS IS AN AUTOGENERATED FILE. DO NOT EDIT THIS FILE DIRECTLY.
# yarn lockfile v1


wechat-charts@^1.0.0:
  version "1.0.0"
  resolved "https://registry.yarnpkg.com/wechat-charts/-/wechat-charts-1.0.0.tgz#5e4e55f018a7f546dd95cd00a6bab6754bfe1a66"
  integrity sha512-3U/EDPAc2fKrigaioPkKKk0ovTmmNdHDOwBcbV6fGZzgt12/5v8xEzr3i4y3a7ZJcZVC9P58sIj12zYeG4/JxQ==

weui-miniprogram@^1.0.3:
  version "1.0.3"
  resolved "https://registry.yarnpkg.com/weui-miniprogram/-/weui-miniprogram-1.0.3.tgz#3da5bde55a74a40d09fcda9b49dfe765da791d83"
  integrity sha512-b29QHJDbTzGG7+2WOQGKrZeRJ7dG7x5m4Ruqe7DXBDRcPHU9oKF6wZXnyVWF9pLk8PeOWxlnIjALbZVnN4blXw==

weui-wxss@^2.3.0:
  version "2.3.0"
  resolved "https://registry.yarnpkg.com/weui-wxss/-/weui-wxss-2.3.0.tgz#7ea384c0dba3487216cdd731c4fd1761954283d6"
  integrity sha512-nvhFst4SXG3u5xBobcBnqtXWsSDRFJpGdE3OCHOdhaHMVIMUktRjs4YC7YV/I59oZNR4vLDvQtx6vBJ3EMBbhQ==
